Microsoft Visual Studio Solution File, Format Version 12.00
# Visual Studio Version 17
VisualStudioVersion = 17.5.2.0
MinimumVisualStudioVersion = 10.0.40219.1
Project("{FAE04EC0-301F-11D3-BF4B-00C04F79EFBC}") = "Lama", "Lama.csproj", "{5A4D73C3-8898-7355-3CC6-4D740F2B976D}"
EndProject
Global
	GlobalSection(SolutionConfigurationPlatforms) = preSolution
		Debug|Any CPU = Debug|Any CPU
		Release|Any CPU = Release|Any CPU
	EndGlobalSection
	GlobalSection(ProjectConfigurationPlatforms) = postSolution
		{5A4D73C3-8898-7355-3CC6-4D740F2B976D}.Debug|Any CPU.ActiveCfg = Debug|Any CPU
		{5A4D73C3-8898-7355-3CC6-4D740F2B976D}.Debug|Any CPU.Build.0 = Debug|Any CPU
		{5A4D73C3-8898-7355-3CC6-4D740F2B976D}.Release|Any CPU.ActiveCfg = Release|Any CPU
		{5A4D73C3-8898-7355-3CC6-4D740F2B976D}.Release|Any CPU.Build.0 = Release|Any CPU
	EndGlobalSection
	GlobalSection(SolutionProperties) = preSolution
		HideSolutionNode = FALSE
	EndGlobalSection
	GlobalSection(ExtensibilityGlobals) = postSolution
		SolutionGuid = {87A3856C-888E-4C38-8418-878976EAB990}
	EndGlobalSection
EndGlobal
